
Microsoft Visual Studio Solution File, Format Version 12.00
# Visual Studio Version 16
VisualStudioVersion = 16.0.30104.148
MinimumVisualStudioVersion = 10.0.40219.1
Project("{9A19103F-16F7-4668-BE54-9A1E7A4F7556}") = "Share_Free", "..\Share-Free2\Share_Free.csproj", "{EDF5553E-3371-4290-B6EB-B3994F0ACBD0}"
EndProject
Global
	GlobalSection(SolutionConfigurationPlatforms) = preSolution
		Debug|Any CPU = Debug|Any CPU
		Release|Any CPU = Release|Any CPU
	EndGlobalSection
	GlobalSection(ProjectConfigurationPlatforms) = postSolution
		{EDF5553E-3371-4290-B6EB-B3994F0ACBD0}.Debug|Any CPU.ActiveCfg = Debug|Any CPU
		{EDF5553E-3371-4290-B6EB-B3994F0ACBD0}.Debug|Any CPU.Build.0 = Debug|Any CPU
		{EDF5553E-3371-4290-B6EB-B3994F0ACBD0}.Release|Any CPU.ActiveCfg = Release|Any CPU
		{EDF5553E-3371-4290-B6EB-B3994F0ACBD0}.Release|Any CPU.Build.0 = Release|Any CPU
	EndGlobalSection
	GlobalSection(SolutionProperties) = preSolution
		HideSolutionNode = FALSE
	EndGlobalSection
	GlobalSection(ExtensibilityGlobals) = postSolution
		SolutionGuid = {D2881B59-211A-4961-B85F-19956C3426D5}
	EndGlobalSection
EndGlobal
